// !$*UTF8*$!
{
	archiveVersion = 1;
	classes = {
	};
	objectVersion = 52;
	objects = {

/* Begin PBXBuildFile section */
		590911A32706F8FB00C5984A /* AppDelegate.swift in Sources */ = {isa = PBXBuildFile; fileRef = 590911A22706F8FB00C5984A /* AppDelegate.swift */; };
		590911A52706F8FB00C5984A /* SceneDelegate.swift in Sources */ = {isa = PBXBuildFile; fileRef = 590911A42706F8FB00C5984A /* SceneDelegate.swift */; };
		590911A72706F8FB00C5984A /* ViewController.swift in Sources */ = {isa = PBXBuildFile; fileRef = 590911A62706F8FB00C5984A /* ViewController.swift */; };
		590911AA2706F8FB00C5984A /* Main.storyboard in Resources */ = {isa = PBXBuildFile; fileRef = 590911A82706F8FB00C5984A /* Main.storyboard */; };
		590911AC2706F8FE00C5984A /* Assets.xcassets in Resources */ = {isa = PBXBuildFile; fileRef = 590911AB2706F8FE00C5984A /* Assets.xcassets */; };
		590911AF2706F8FE00C5984A /* LaunchScreen.storyboard in Resources */ = {isa = PBXBuildFile; fileRef = 590911AD2706F8FE00C5984A /* LaunchScreen.storyboard */; };
		590911B92706FD7300C5984A /* Alamofire in Frameworks */ = {isa = PBXBuildFile; productRef = 590911B82706FD7300C5984A /* Alamofire */; };
		590911BD27070EF100C5984A /* NetworkProvider.swift in Sources */ = {isa = PBXBuildFile; fileRef = 590911BC27070EF100C5984A /* NetworkProvider.swift */; };
		59E52E8D27072022003E5F97 /* User.swift in Sources */ = {isa = PBXBuildFile; fileRef = 59E52E8C27072022003E5F97 /* User.swift */; };
/* End PBXBuildFile section */

/* Begin PBXFileReference section */
		5909119F2706F8FB00C5984A /* https.app */ = {isa = PBXFileReference; explicitFileType = wrapper.application; includeInIndex = 0; path = https.app; sourceTree = BUILT_PRODUCTS_DIR; };
		590911A22706F8FB00C5984A /* AppDelegate.swift */ = {isa = PBXFileReference; lastKnownFileType = sourcecode.swift; path = AppDelegate.swift; sourceTree = "<group>"; };
		590911A42706F8FB00C5984A /* SceneDelegate.swift */ = {isa = PBXFileReference; lastKnownFileType = sourcecode.swift; path = SceneDelegate.swift; sourceTree = "<group>"; };
		590911A62706F8FB00C5984A /* ViewController.swift */ = {isa = PBXFileReference; lastKnownFileType = sourcecode.swift; path = ViewController.swift; sourceTree = "<group>"; };
		590911A92706F8FB00C5984A /* Base */ = {isa = PBXFileReference; lastKnownFileType = file.storyboard; name = Base; path = Base.lproj/Main.storyboard; sourceTree = "<group>"; };
		590911AB2706F8FE00C5984A /* Assets.xcassets */ = {isa = PBXFileReference; lastKnownFileType = folder.assetcatalog; path = Assets.xcassets; sourceTree = "<group>"; };
		590911AE2706F8FE00C5984A /* Base */ = {isa = PBXFileReference; lastKnownFileType = file.storyboard; name = Base; path = Base.lproj/LaunchScreen.storyboard; sourceTree = "<group>"; };
		590911B02706F8FE00C5984A /* Info.plist */ = {isa = PBXFileReference; lastKnownFileType = text.plist.xml; path = Info.plist; sourceTree = "<group>"; };
		590911BC27070EF100C5984A /* NetworkProvider.swift */ = {isa = PBXFileReference; lastKnownFileType = sourcecode.swift; path = NetworkProvider.swift; sourceTree = "<group>"; };
		59E52E8C27072022003E5F97 /* User.swift */ = {isa = PBXFileReference; lastKnownFileType = sourcecode.swift; path = User.swift; sourceTree = "<group>"; };
/* End PBXFileReference section */

/* Begin PBXFrameworksBuildPhase section */
		5909119C2706F8FB00C5984A /* Frameworks */ = {
			isa = PBXFrameworksBuildPhase;
			buildActionMask = 2147483647;
			files = (
				590911B92706FD7300C5984A /* Alamofire in Frameworks */,
			);
			runOnlyForDeploymentPostprocessing = 0;
		};
/* End PBXFrameworksBuildPhase section */

/* Begin PBXGroup section */
		590911962706F8FB00C5984A = {
			isa = PBXGroup;
			children = (
				590911A12706F8FB00C5984A /* https */,
				590911A02706F8FB00C5984A /* Products */,
			);
			sourceTree = "<group>";
		};
		590911A02706F8FB00C5984A /* Products */ = {
			isa = PBXGroup;
			children = (
				5909119F2706F8FB00C5984A /* https.app */,
			);
			name = Products;
			sourceTree = "<group>";
		};
		590911A12706F8FB00C5984A /* https */ = {
			isa = PBXGroup;
			children = (
				590911A22706F8FB00C5984A /* AppDelegate.swift */,
				590911A42706F8FB00C5984A /* SceneDelegate.swift */,
				590911A62706F8FB00C5984A /* ViewController.swift */,
				590911BC27070EF100C5984A /* NetworkProvider.swift */,
				590911A82706F8FB00C5984A /* Main.storyboard */,
				590911AB2706F8FE00C5984A /* Assets.xcassets */,
				590911AD2706F8FE00C5984A /* LaunchScreen.storyboard */,
				590911B02706F8FE00C5984A /* Info.plist */,
				59E52E8C27072022003E5F97 /* User.swift */,
			);
			path = https;
			sourceTree = "<group>";
		};
/* End PBXGroup section */

/* Begin PBXNativeTarget section */
		5909119E2706F8FB00C5984A /* https */ = {
			isa = PBXNativeTarget;
			buildConfigurationList = 590911B32706F8FE00C5984A /* Build configuration list for PBXNativeTarget "https" */;
			buildPhases = (
				5909119B2706F8FB00C5984A /* Sources */,
				5909119C2706F8FB00C5984A /* Frameworks */,
				5909119D2706F8FB00C5984A /* Resources */,
			);
			buildRules = (
			);
			dependencies = (
			);
			name = https;
			packageProductDependencies = (
				590911B82706FD7300C5984A /* Alamofire */,
			);
			productName = https;
			productReference = 5909119F2706F8FB00C5984A /* https.app */;
			productType = "com.apple.product-type.application";
		};
/* End PBXNativeTarget section */

/* Begin PBXProject section */
		590911972706F8FB00C5984A /* Project object */ = {
			isa = PBXProject;
			attributes = {
				LastSwiftUpdateCheck = 1240;
				LastUpgradeCheck = 1240;
				TargetAttributes = {
					5909119E2706F8FB00C5984A = {
						CreatedOnToolsVersion = 12.4;
					};
				};
			};
			buildConfigurationList = 5909119A2706F8FB00C5984A /* Build configuration list for PBXProject "https" */;
			compatibilityVersion = "Xcode 9.3";
			developmentRegion = en;
			hasScannedForEncodings = 0;
			knownRegions = (
				en,
				Base,
			);
			mainGroup = 590911962706F8FB00C5984A;
			packageReferences = (
				590911B72706FD7300C5984A /* XCRemoteSwiftPackageReference "Alamofire" */,
			);
			productRefGroup = 590911A02706F8FB00C5984A /* Products */;
			projectDirPath = "";
			projectRoot = "";
			targets = (
				5909119E2706F8FB00C5984A /* https */,
			);
		};
/* End PBXProject section */

/* Begin PBXResourcesBuildPhase section */
		5909119D2706F8FB00C5984A /* Resources */ = {
			isa = PBXResourcesBuildPhase;
			buildActionMask = 2147483647;
			files = (
				590911AF2706F8FE00C5984A /* LaunchScreen.storyboard in Resources */,
				590911AC2706F8FE00C5984A /* Assets.xcassets in Resources */,
				590911AA2706F8FB00C5984A /* Main.storyboard in Resources */,
			);
			runOnlyForDeploymentPostprocessing = 0;
		};
/* End PBXResourcesBuildPhase section */

/* Begin PBXSourcesBuildPhase section */
		5909119B2706F8FB00C5984A /* Sources */ = {
			isa = PBXSourcesBuildPhase;
			buildActionMask = 2147483647;
			files = (
				590911A72706F8FB00C5984A /* ViewController.swift in Sources */,
				590911BD27070EF100C5984A /* NetworkProvider.swift in Sources */,
				590911A32706F8FB00C5984A /* AppDelegate.swift in Sources */,
				59E52E8D27072022003E5F97 /* User.swift in Sources */,
				590911A52706F8FB00C5984A /* SceneDelegate.swift in Sources */,
			);
			runOnlyForDeploymentPostprocessing = 0;
		};
/* End PBXSourcesBuildPhase section */

/* Begin PBXVariantGroup section */
		590911A82706F8FB00C5984A /* Main.storyboard */ = {
			isa = PBXVariantGroup;
			children = (
				590911A92706F8FB00C5984A /* Base */,
			);
			name = Main.storyboard;
			sourceTree = "<group>";
		};
		590911AD2706F8FE00C5984A /* LaunchScreen.storyboard */ = {
			isa = PBXVariantGroup;
			children = (
				590911AE2706F8FE00C5984A /* Base */,
			);
			name = LaunchScreen.storyboard;
			sourceTree = "<group>";
		};
/* End PBXVariantGroup section */

/* Begin XCBuildConfiguration section */
		590911B12706F8FE00C5984A /* Debug */ = {
			isa = XCBuildConfiguration;
			buildSettings = {
				ALWAYS_SEARCH_USER_PATHS = NO;
				CLANG_ANALYZER_NONNULL = YES;
				CLANG_ANALYZER_NUMBER_OBJECT_CONVERSION = YES_AGGRESSIVE;
				CLANG_CXX_LANGUAGE_STANDARD = "gnu++14";
				CLANG_CXX_LIBRARY = "libc++";
				CLANG_ENABLE_MODULES = YES;
				CLANG_ENABLE_OBJC_ARC = YES;
				CLANG_ENABLE_OBJC_WEAK = YES;
				CLANG_WARN_BLOCK_CAPTURE_AUTORELEASING = YES;
				CLANG_WARN_BOOL_CONVERSION = YES;
				CLANG_WARN_COMMA = YES;
				CLANG_WARN_CONSTANT_CONVERSION = YES;
				CLANG_WARN_DEPRECATED_OBJC_IMPLEMENTATIONS = YES;
				CLANG_WARN_DIRECT_OBJC_ISA_USAGE = YES_ERROR;
				CLANG_WARN_DOCUMENTATION_COMMENTS = YES;
				CLANG_WARN_EMPTY_BODY = YES;
				CLANG_WARN_ENUM_CONVERSION = YES;
				CLANG_WARN_INFINITE_RECURSION = YES;
				CLANG_WARN_INT_CONVERSION = YES;
				CLANG_WARN_NON_LITERAL_NULL_CONVERSION = YES;
				CLANG_WARN_OBJC_IMPLICIT_RETAIN_SELF = YES;
				CLANG_WARN_OBJC_LITERAL_CONVERSION = YES;
				CLANG_WARN_OBJC_ROOT_CLASS = YES_ERROR;
				CLANG_WARN_QUOTED_INCLUDE_IN_FRAMEWORK_HEADER = YES;
				CLANG_WARN_RANGE_LOOP_ANALYSIS = YES;
				CLANG_WARN_STRICT_PROTOTYPES = YES;
				CLANG_WARN_SUSPICIOUS_MOVE = YES;
				CLANG_WARN_UNGUARDED_AVAILABILITY = YES_AGGRESSIVE;
				CLANG_WARN_UNREACHABLE_CODE = YES;
				CLANG_WARN__DUPLICATE_METHOD_MATCH = YES;
				COPY_PHASE_STRIP = NO;
				DEBUG_INFORMATION_FORMAT = dwarf;
				ENABLE_STRICT_OBJC_MSGSEND = YES;
				ENABLE_TESTABILITY = YES;
				GCC_C_LANGUAGE_STANDARD = gnu11;
				GCC_DYNAMIC_NO_PIC = NO;
				GCC_NO_COMMON_BLOCKS = YES;
				GCC_OPTIMIZATION_LEVEL = 0;
				GCC_PREPROCESSOR_DEFINITIONS = (
					"DEBUG=1",
					"$(inherited)",
				);
				GCC_WARN_64_TO_32_BIT_CONVERSION = YES;
				GCC_WARN_ABOUT_RETURN_TYPE = YES_ERROR;
				GCC_WARN_UNDECLARED_SELECTOR = YES;
				GCC_WARN_UNINITIALIZED_AUTOS = YES_AGGRESSIVE;
				GCC_WARN_UNUSED_FUNCTION = YES;
				GCC_WARN_UNUSED_VARIABLE = YES;
				IPHONEOS_DEPLOYMENT_TARGET = 14.4;
				MTL_ENABLE_DEBUG_INFO = INCLUDE_SOURCE;
				MTL_FAST_MATH = YES;
				ONLY_ACTIVE_ARCH = YES;
				SDKROOT = iphoneos;
				SWIFT_ACTIVE_COMPILATION_CONDITIONS = DEBUG;
				SWIFT_OPTIMIZATION_LEVEL = "-Onone";
			};
			name = Debug;
		};
		590911B22706F8FE00C5984A /* Release */ = {
			isa = XCBuildConfiguration;
			buildSettings = {
				ALWAYS_SEARCH_USER_PATHS = NO;
				CLANG_ANALYZER_NONNULL = YES;
				CLANG_ANALYZER_NUMBER_OBJECT_CONVERSION = YES_AGGRESSIVE;
				CLANG_CXX_LANGUAGE_STANDARD = "gnu++14";
				CLANG_CXX_LIBRARY = "libc++";
				CLANG_ENABLE_MODULES = YES;
				CLANG_ENABLE_OBJC_ARC = YES;
				CLANG_ENABLE_OBJC_WEAK = YES;
				CLANG_WARN_BLOCK_CAPTURE_AUTORELEASING = YES;
				CLANG_WARN_BOOL_CONVERSION = YES;
				CLANG_WARN_COMMA = YES;
				CLANG_WARN_CONSTANT_CONVERSION = YES;
				CLANG_WARN_DEPRECATED_OBJC_IMPLEMENTATIONS = YES;
				CLANG_WARN_DIRECT_OBJC_ISA_USAGE = YES_ERROR;
				CLANG_WARN_DOCUMENTATION_COMMENTS = YES;
				CLANG_WARN_EMPTY_BODY = YES;
				CLANG_WARN_ENUM_CONVERSION = YES;
				CLANG_WARN_INFINITE_RECURSION = YES;
				CLANG_WARN_INT_CONVERSION = YES;
				CLANG_WARN_NON_LITERAL_NULL_CONVERSION = YES;
				CLANG_WARN_OBJC_IMPLICIT_RETAIN_SELF = YES;
				CLANG_WARN_OBJC_LITERAL_CONVERSION = YES;
				CLANG_WARN_OBJC_ROOT_CLASS = YES_ERROR;
				CLANG_WARN_QUOTED_INCLUDE_IN_FRAMEWORK_HEADER = YES;
				CLANG_WARN_RANGE_LOOP_ANALYSIS = YES;
				CLANG_WARN_STRICT_PROTOTYPES = YES;
				CLANG_WARN_SUSPICIOUS_MOVE = YES;
				CLANG_WARN_UNGUARDED_AVAILABILITY = YES_AGGRESSIVE;
				CLANG_WARN_UNREACHABLE_CODE = YES;
				CLANG_WARN__DUPLICATE_METHOD_MATCH = YES;
				COPY_PHASE_STRIP = NO;
				DEBUG_INFORMATION_FORMAT = "dwarf-with-dsym";
				ENABLE_NS_ASSERTIONS = NO;
				ENABLE_STRICT_OBJC_MSGSEND = YES;
				GCC_C_LANGUAGE_STANDARD = gnu11;
				GCC_NO_COMMON_BLOCKS = YES;
				GCC_WARN_64_TO_32_BIT_CONVERSION = YES;
				GCC_WARN_ABOUT_RETURN_TYPE = YES_ERROR;
				GCC_WARN_UNDECLARED_SELECTOR = YES;
				GCC_WARN_UNINITIALIZED_AUTOS = YES_AGGRESSIVE;
				GCC_WARN_UNUSED_FUNCTION = YES;
				GCC_WARN_UNUSED_VARIABLE = YES;
				IPHONEOS_DEPLOYMENT_TARGET = 14.4;
				MTL_ENABLE_DEBUG_INFO = NO;
				MTL_FAST_MATH = YES;
				SDKROOT = iphoneos;
				SWIFT_COMPILATION_MODE = wholemodule;
				SWIFT_OPTIMIZATION_LEVEL = "-O";
				VALIDATE_PRODUCT = YES;
			};
			name = Release;
		};
		590911B42706F8FE00C5984A /* Debug */ = {
			isa = XCBuildConfiguration;
			buildSettings = {
				ASSETCATALOG_COMPILER_APPICON_NAME = AppIcon;
				ASSETCATALOG_COMPILER_GLOBAL_ACCENT_COLOR_NAME = AccentColor;
				CODE_SIGN_STYLE = Automatic;
				INFOPLIST_FILE = https/Info.plist;
				LD_RUNPATH_SEARCH_PATHS = (
					"$(inherited)",
					"@executable_path/Frameworks",
				);
				PRODUCT_BUNDLE_IDENTIFIER = com.javi.https;
				PRODUCT_NAME = "$(TARGET_NAME)";
				SWIFT_VERSION = 5.0;
				TARGETED_DEVICE_FAMILY = "1,2";
			};
			name = Debug;
		};
		590911B52706F8FE00C5984A /* Release */ = {
			isa = XCBuildConfiguration;
			buildSettings = {
				ASSETCATALOG_COMPILER_APPICON_NAME = AppIcon;
				ASSETCATALOG_COMPILER_GLOBAL_ACCENT_COLOR_NAME = AccentColor;
				CODE_SIGN_STYLE = Automatic;
				INFOPLIST_FILE = https/Info.plist;
				LD_RUNPATH_SEARCH_PATHS = (
					"$(inherited)",
					"@executable_path/Frameworks",
				);
				PRODUCT_BUNDLE_IDENTIFIER = com.javi.https;
				PRODUCT_NAME = "$(TARGET_NAME)";
				SWIFT_VERSION = 5.0;
				TARGETED_DEVICE_FAMILY = "1,2";
			};
			name = Release;
		};
/* End XCBuildConfiguration section */

/* Begin XCConfigurationList section */
		5909119A2706F8FB00C5984A /* Build configuration list for PBXProject "https" */ = {
			isa = XCConfigurationList;
			buildConfigurations = (
				590911B12706F8FE00C5984A /* Debug */,
				590911B22706F8FE00C5984A /* Release */,
			);
			defaultConfigurationIsVisible = 0;
			defaultConfigurationName = Release;
		};
		590911B32706F8FE00C5984A /* Build configuration list for PBXNativeTarget "https" */ = {
			isa = XCConfigurationList;
			buildConfigurations = (
				590911B42706F8FE00C5984A /* Debug */,
				590911B52706F8FE00C5984A /* Release */,
			);
			defaultConfigurationIsVisible = 0;
			defaultConfigurationName = Release;
		};
/* End XCConfigurationList section */

/* Begin XCRemoteSwiftPackageReference section */
		590911B72706FD7300C5984A /* XCRemoteSwiftPackageReference "Alamofire" */ = {
			isa = XCRemoteSwiftPackageReference;
			repositoryURL = "https://github.com/Alamofire/Alamofire.git";
			requirement = {
				kind = upToNextMajorVersion;
				minimumVersion = 5.4.4;
			};
		};
/* End XCRemoteSwiftPackageReference section */

/* Begin XCSwiftPackageProductDependency section */
		590911B82706FD7300C5984A /* Alamofire */ = {
			isa = XCSwiftPackageProductDependency;
			package = 590911B72706FD7300C5984A /* XCRemoteSwiftPackageReference "Alamofire" */;
			productName = Alamofire;
		};
/* End XCSwiftPackageProductDependency section */
	};
	rootObject = 590911972706F8FB00C5984A /* Project object */;
}
